
Microsoft Visual Studio Solution File, Format Version 12.00
# Visual Studio Version 17
VisualStudioVersion = 17.0.32112.339
MinimumVisualStudioVersion = 10.0.40219.1
Project("{FAE04EC0-301F-11D3-BF4B-00C04F79EFBC}") = "SpreadWinPerformanceCS", "SpreadWinPerformanceCS.csproj", "{9F42910B-FB34-4133-A27F-E67E042316BB}"
EndProject
Global
	GlobalSection(SolutionConfigurationPlatforms) = preSolution
		Debug|Any CPU = Debug|Any CPU
		Release|Any CPU = Release|Any CPU
	EndGlobalSection
	GlobalSection(ProjectConfigurationPlatforms) = postSolution
		{9F42910B-FB34-4133-A27F-E67E042316BB}.Debug|Any CPU.ActiveCfg = Debug|Any CPU
		{9F42910B-FB34-4133-A27F-E67E042316BB}.Debug|Any CPU.Build.0 = Debug|Any CPU
		{9F42910B-FB34-4133-A27F-E67E042316BB}.Release|Any CPU.ActiveCfg = Release|Any CPU
		{9F42910B-FB34-4133-A27F-E67E042316BB}.Release|Any CPU.Build.0 = Release|Any CPU
	EndGlobalSection
	GlobalSection(SolutionProperties) = preSolution
		HideSolutionNode = FALSE
	EndGlobalSection
	GlobalSection(ExtensibilityGlobals) = postSolution
		SolutionGuid = {FDF12D7D-8ED0-4FBE-AC0F-D0911377ABA7}
	EndGlobalSection
EndGlobal
